
Microsoft Visual Studio Solution File, Format Version 12.00
# Visual Studio Version 16
VisualStudioVersion = 16.0.29709.97
MinimumVisualStudioVersion = 10.0.40219.1
Project("{FAE04EC0-301F-11D3-BF4B-00C04F79EFBC}") = "myLibrary", "myLibrary\myLibrary.csproj", "{467DA74E-E615-4CA1-B2F6-FC6EF1C6649D}"
EndProject
Global
	GlobalSection(SolutionConfigurationPlatforms) = preSolution
		Debug|Any CPU = Debug|Any CPU
		Release|Any CPU = Release|Any CPU
	EndGlobalSection
	GlobalSection(ProjectConfigurationPlatforms) = postSolution
		{467DA74E-E615-4CA1-B2F6-FC6EF1C6649D}.Debug|Any CPU.ActiveCfg = Debug|Any CPU
		{467DA74E-E615-4CA1-B2F6-FC6EF1C6649D}.Debug|Any CPU.Build.0 = Debug|Any CPU
		{467DA74E-E615-4CA1-B2F6-FC6EF1C6649D}.Release|Any CPU.ActiveCfg = Release|Any CPU
		{467DA74E-E615-4CA1-B2F6-FC6EF1C6649D}.Release|Any CPU.Build.0 = Release|Any CPU
	EndGlobalSection
	GlobalSection(SolutionProperties) = preSolution
		HideSolutionNode = FALSE
	EndGlobalSection
	GlobalSection(ExtensibilityGlobals) = postSolution
		SolutionGuid = {4261452B-2060-4362-BFC0-D17075C67BFD}
	EndGlobalSection
EndGlobal
